// !$*UTF8*$!
{
	archiveVersion = 1;
	classes = {
	};
	objectVersion = 50;
	objects = {

/* Begin PBXBuildFile section */
		2B030611241E1A630048A77D /* AddHapticsView.swift in Sources */ = {isa = PBXBuildFile; fileRef = 2B030610241E1A630048A77D /* AddHapticsView.swift */; };
		2B030613241E72180048A77D /* HapticPropertiesView.swift in Sources */ = {isa = PBXBuildFile; fileRef = 2B030612241E72180048A77D /* HapticPropertiesView.swift */; };
		2BA0662A241939E000911135 /* AppDelegate.swift in Sources */ = {isa = PBXBuildFile; fileRef = 2BA06629241939E000911135 /* AppDelegate.swift */; };
		2BA0662C241939E000911135 /* SceneDelegate.swift in Sources */ = {isa = PBXBuildFile; fileRef = 2BA0662B241939E000911135 /* SceneDelegate.swift */; };
		2BA0662F241939E000911135 /* HapticsPalette.xcdatamodeld in Sources */ = {isa = PBXBuildFile; fileRef = 2BA0662D241939E000911135 /* HapticsPalette.xcdatamodeld */; };
		2BA06631241939E000911135 /* ContentView.swift in Sources */ = {isa = PBXBuildFile; fileRef = 2BA06630241939E000911135 /* ContentView.swift */; };
		2BA06633241939E100911135 /* Assets.xcassets in Resources */ = {isa = PBXBuildFile; fileRef = 2BA06632241939E100911135 /* Assets.xcassets */; };
		2BA06636241939E100911135 /* Preview Assets.xcassets in Resources */ = {isa = PBXBuildFile; fileRef = 2BA06635241939E100911135 /* Preview Assets.xcassets */; };
		2BA06639241939E100911135 /* LaunchScreen.storyboard in Resources */ = {isa = PBXBuildFile; fileRef = 2BA06637241939E100911135 /* LaunchScreen.storyboard */; };
/* End PBXBuildFile section */

/* Begin PBXFileReference section */
		2B030610241E1A630048A77D /* AddHapticsView.swift */ = {isa = PBXFileReference; lastKnownFileType = sourcecode.swift; path = AddHapticsView.swift; sourceTree = "<group>"; };
		2B030612241E72180048A77D /* HapticPropertiesView.swift */ = {isa = PBXFileReference; lastKnownFileType = sourcecode.swift; path = HapticPropertiesView.swift; sourceTree = "<group>"; };
		2BA06626241939E000911135 /* Haptics Composer.app */ = {isa = PBXFileReference; explicitFileType = wrapper.application; includeInIndex = 0; path = "Haptics Composer.app"; sourceTree = BUILT_PRODUCTS_DIR; };
		2BA06629241939E000911135 /* AppDelegate.swift */ = {isa = PBXFileReference; lastKnownFileType = sourcecode.swift; path = AppDelegate.swift; sourceTree = "<group>"; };
		2BA0662B241939E000911135 /* SceneDelegate.swift */ = {isa = PBXFileReference; lastKnownFileType = sourcecode.swift; path = SceneDelegate.swift; sourceTree = "<group>"; };
		2BA0662E241939E000911135 /* HapticsPalette.xcdatamodel */ = {isa = PBXFileReference; lastKnownFileType = wrapper.xcdatamodel; path = HapticsPalette.xcdatamodel; sourceTree = "<group>"; };
		2BA06630241939E000911135 /* ContentView.swift */ = {isa = PBXFileReference; lastKnownFileType = sourcecode.swift; path = ContentView.swift; sourceTree = "<group>"; };
		2BA06632241939E100911135 /* Assets.xcassets */ = {isa = PBXFileReference; lastKnownFileType = folder.assetcatalog; path = Assets.xcassets; sourceTree = "<group>"; };
		2BA06635241939E100911135 /* Preview Assets.xcassets */ = {isa = PBXFileReference; lastKnownFileType = folder.assetcatalog; path = "Preview Assets.xcassets"; sourceTree = "<group>"; };
		2BA06638241939E100911135 /* Base */ = {isa = PBXFileReference; lastKnownFileType = file.storyboard; name = Base; path = Base.lproj/LaunchScreen.storyboard; sourceTree = "<group>"; };
		2BA0663A241939E100911135 /* Info.plist */ = {isa = PBXFileReference; lastKnownFileType = text.plist.xml; path = Info.plist; sourceTree = "<group>"; };
/* End PBXFileReference section */

/* Begin PBXFrameworksBuildPhase section */
		2BA06623241939E000911135 /* Frameworks */ = {
			isa = PBXFrameworksBuildPhase;
			buildActionMask = 2147483647;
			files = (
			);
			runOnlyForDeploymentPostprocessing = 0;
		};
/* End PBXFrameworksBuildPhase section */

/* Begin PBXGroup section */
		2BA0661D241939E000911135 = {
			isa = PBXGroup;
			children = (
				2BA06628241939E000911135 /* HapticsPalette */,
				2BA06627241939E000911135 /* Products */,
			);
			sourceTree = "<group>";
		};
		2BA06627241939E000911135 /* Products */ = {
			isa = PBXGroup;
			children = (
				2BA06626241939E000911135 /* Haptics Composer.app */,
			);
			name = Products;
			sourceTree = "<group>";
		};
		2BA06628241939E000911135 /* HapticsPalette */ = {
			isa = PBXGroup;
			children = (
				2BA06629241939E000911135 /* AppDelegate.swift */,
				2BA0662B241939E000911135 /* SceneDelegate.swift */,
				2BA06630241939E000911135 /* ContentView.swift */,
				2B030610241E1A630048A77D /* AddHapticsView.swift */,
				2B030612241E72180048A77D /* HapticPropertiesView.swift */,
				2BA06632241939E100911135 /* Assets.xcassets */,
				2BA06637241939E100911135 /* LaunchScreen.storyboard */,
				2BA0663A241939E100911135 /* Info.plist */,
				2BA0662D241939E000911135 /* HapticsPalette.xcdatamodeld */,
				2BA06634241939E100911135 /* Preview Content */,
			);
			path = HapticsPalette;
			sourceTree = "<group>";
		};
		2BA06634241939E100911135 /* Preview Content */ = {
			isa = PBXGroup;
			children = (
				2BA06635241939E100911135 /* Preview Assets.xcassets */,
			);
			path = "Preview Content";
			sourceTree = "<group>";
		};
/* End PBXGroup section */

/* Begin PBXNativeTarget section */
		2BA06625241939E000911135 /* HapticsPalette */ = {
			isa = PBXNativeTarget;
			buildConfigurationList = 2BA0663D241939E100911135 /* Build configuration list for PBXNativeTarget "HapticsPalette" */;
			buildPhases = (
				2BA06622241939E000911135 /* Sources */,
				2BA06623241939E000911135 /* Frameworks */,
				2BA06624241939E000911135 /* Resources */,
			);
			buildRules = (
			);
			dependencies = (
			);
			name = HapticsPalette;
			productName = HapticsPalette;
			productReference = 2BA06626241939E000911135 /* Haptics Composer.app */;
			productType = "com.apple.product-type.application";
		};
/* End PBXNativeTarget section */

/* Begin PBXProject section */
		2BA0661E241939E000911135 /* Project object */ = {
			isa = PBXProject;
			attributes = {
				LastSwiftUpdateCheck = 1130;
				LastUpgradeCheck = 1130;
				ORGANIZATIONNAME = "Issac Penn";
				TargetAttributes = {
					2BA06625241939E000911135 = {
						CreatedOnToolsVersion = 11.3.1;
					};
				};
			};
			buildConfigurationList = 2BA06621241939E000911135 /* Build configuration list for PBXProject "HapticsPalette" */;
			compatibilityVersion = "Xcode 9.3";
			developmentRegion = en;
			hasScannedForEncodings = 0;
			knownRegions = (
				en,
				Base,
			);
			mainGroup = 2BA0661D241939E000911135;
			productRefGroup = 2BA06627241939E000911135 /* Products */;
			projectDirPath = "";
			projectRoot = "";
			targets = (
				2BA06625241939E000911135 /* HapticsPalette */,
			);
		};
/* End PBXProject section */

/* Begin PBXResourcesBuildPhase section */
		2BA06624241939E000911135 /* Resources */ = {
			isa = PBXResourcesBuildPhase;
			buildActionMask = 2147483647;
			files = (
				2BA06639241939E100911135 /* LaunchScreen.storyboard in Resources */,
				2BA06636241939E100911135 /* Preview Assets.xcassets in Resources */,
				2BA06633241939E100911135 /* Assets.xcassets in Resources */,
			);
			runOnlyForDeploymentPostprocessing = 0;
		};
/* End PBXResourcesBuildPhase section */

/* Begin PBXSourcesBuildPhase section */
		2BA06622241939E000911135 /* Sources */ = {
			isa = PBXSourcesBuildPhase;
			buildActionMask = 2147483647;
			files = (
				2B030611241E1A630048A77D /* AddHapticsView.swift in Sources */,
				2BA0662F241939E000911135 /* HapticsPalette.xcdatamodeld in Sources */,
				2BA0662A241939E000911135 /* AppDelegate.swift in Sources */,
				2BA06631241939E000911135 /* ContentView.swift in Sources */,
				2B030613241E72180048A77D /* HapticPropertiesView.swift in Sources */,
				2BA0662C241939E000911135 /* SceneDelegate.swift in Sources */,
			);
			runOnlyForDeploymentPostprocessing = 0;
		};
/* End PBXSourcesBuildPhase section */

/* Begin PBXVariantGroup section */
		2BA06637241939E100911135 /* LaunchScreen.storyboard */ = {
			isa = PBXVariantGroup;
			children = (
				2BA06638241939E100911135 /* Base */,
			);
			name = LaunchScreen.storyboard;
			sourceTree = "<group>";
		};
/* End PBXVariantGroup section */

/* Begin XCBuildConfiguration section */
		2BA0663B241939E100911135 /* Debug */ = {
			isa = XCBuildConfiguration;
			buildSettings = {
				ALWAYS_SEARCH_USER_PATHS = NO;
				CLANG_ANALYZER_NONNULL = YES;
				CLANG_ANALYZER_NUMBER_OBJECT_CONVERSION = YES_AGGRESSIVE;
				CLANG_CXX_LANGUAGE_STANDARD = "gnu++14";
				CLANG_CXX_LIBRARY = "libc++";
				CLANG_ENABLE_MODULES = YES;
				CLANG_ENABLE_OBJC_ARC = YES;
				CLANG_ENABLE_OBJC_WEAK = YES;
				CLANG_WARN_BLOCK_CAPTURE_AUTORELEASING = YES;
				CLANG_WARN_BOOL_CONVERSION = YES;
				CLANG_WARN_COMMA = YES;
				CLANG_WARN_CONSTANT_CONVERSION = YES;
				CLANG_WARN_DEPRECATED_OBJC_IMPLEMENTATIONS = YES;
				CLANG_WARN_DIRECT_OBJC_ISA_USAGE = YES_ERROR;
				CLANG_WARN_DOCUMENTATION_COMMENTS = YES;
				CLANG_WARN_EMPTY_BODY = YES;
				CLANG_WARN_ENUM_CONVERSION = YES;
				CLANG_WARN_INFINITE_RECURSION = YES;
				CLANG_WARN_INT_CONVERSION = YES;
				CLANG_WARN_NON_LITERAL_NULL_CONVERSION = YES;
				CLANG_WARN_OBJC_IMPLICIT_RETAIN_SELF = YES;
				CLANG_WARN_OBJC_LITERAL_CONVERSION = YES;
				CLANG_WARN_OBJC_ROOT_CLASS = YES_ERROR;
				CLANG_WARN_RANGE_LOOP_ANALYSIS = YES;
				CLANG_WARN_STRICT_PROTOTYPES = YES;
				CLANG_WARN_SUSPICIOUS_MOVE = YES;
				CLANG_WARN_UNGUARDED_AVAILABILITY = YES_AGGRESSIVE;
				CLANG_WARN_UNREACHABLE_CODE = YES;
				CLANG_WARN__DUPLICATE_METHOD_MATCH = YES;
				COPY_PHASE_STRIP = NO;
				DEBUG_INFORMATION_FORMAT = dwarf;
				ENABLE_STRICT_OBJC_MSGSEND = YES;
				ENABLE_TESTABILITY = YES;
				GCC_C_LANGUAGE_STANDARD = gnu11;
				GCC_DYNAMIC_NO_PIC = NO;
				GCC_NO_COMMON_BLOCKS = YES;
				GCC_OPTIMIZATION_LEVEL = 0;
				GCC_PREPROCESSOR_DEFINITIONS = (
					"DEBUG=1",
					"$(inherited)",
				);
				GCC_WARN_64_TO_32_BIT_CONVERSION = YES;
				GCC_WARN_ABOUT_RETURN_TYPE = YES_ERROR;
				GCC_WARN_UNDECLARED_SELECTOR = YES;
				GCC_WARN_UNINITIALIZED_AUTOS = YES_AGGRESSIVE;
				GCC_WARN_UNUSED_FUNCTION = YES;
				GCC_WARN_UNUSED_VARIABLE = YES;
				IPHONEOS_DEPLOYMENT_TARGET = 13.2;
				MTL_ENABLE_DEBUG_INFO = INCLUDE_SOURCE;
				MTL_FAST_MATH = YES;
				ONLY_ACTIVE_ARCH = YES;
				SDKROOT = iphoneos;
				SWIFT_ACTIVE_COMPILATION_CONDITIONS = DEBUG;
				SWIFT_OPTIMIZATION_LEVEL = "-Onone";
			};
			name = Debug;
		};
		2BA0663C241939E100911135 /* Release */ = {
			isa = XCBuildConfiguration;
			buildSettings = {
				ALWAYS_SEARCH_USER_PATHS = NO;
				CLANG_ANALYZER_NONNULL = YES;
				CLANG_ANALYZER_NUMBER_OBJECT_CONVERSION = YES_AGGRESSIVE;
				CLANG_CXX_LANGUAGE_STANDARD = "gnu++14";
				CLANG_CXX_LIBRARY = "libc++";
				CLANG_ENABLE_MODULES = YES;
				CLANG_ENABLE_OBJC_ARC = YES;
				CLANG_ENABLE_OBJC_WEAK = YES;
				CLANG_WARN_BLOCK_CAPTURE_AUTORELEASING = YES;
				CLANG_WARN_BOOL_CONVERSION = YES;
				CLANG_WARN_COMMA = YES;
				CLANG_WARN_CONSTANT_CONVERSION = YES;
				CLANG_WARN_DEPRECATED_OBJC_IMPLEMENTATIONS = YES;
				CLANG_WARN_DIRECT_OBJC_ISA_USAGE = YES_ERROR;
				CLANG_WARN_DOCUMENTATION_COMMENTS = YES;
				CLANG_WARN_EMPTY_BODY = YES;
				CLANG_WARN_ENUM_CONVERSION = YES;
				CLANG_WARN_INFINITE_RECURSION = YES;
				CLANG_WARN_INT_CONVERSION = YES;
				CLANG_WARN_NON_LITERAL_NULL_CONVERSION = YES;
				CLANG_WARN_OBJC_IMPLICIT_RETAIN_SELF = YES;
				CLANG_WARN_OBJC_LITERAL_CONVERSION = YES;
				CLANG_WARN_OBJC_ROOT_CLASS = YES_ERROR;
				CLANG_WARN_RANGE_LOOP_ANALYSIS = YES;
				CLANG_WARN_STRICT_PROTOTYPES = YES;
				CLANG_WARN_SUSPICIOUS_MOVE = YES;
				CLANG_WARN_UNGUARDED_AVAILABILITY = YES_AGGRESSIVE;
				CLANG_WARN_UNREACHABLE_CODE = YES;
				CLANG_WARN__DUPLICATE_METHOD_MATCH = YES;
				COPY_PHASE_STRIP = NO;
				DEBUG_INFORMATION_FORMAT = "dwarf-with-dsym";
				ENABLE_NS_ASSERTIONS = NO;
				ENABLE_STRICT_OBJC_MSGSEND = YES;
				GCC_C_LANGUAGE_STANDARD = gnu11;
				GCC_NO_COMMON_BLOCKS = YES;
				GCC_WARN_64_TO_32_BIT_CONVERSION = YES;
				GCC_WARN_ABOUT_RETURN_TYPE = YES_ERROR;
				GCC_WARN_UNDECLARED_SELECTOR = YES;
				GCC_WARN_UNINITIALIZED_AUTOS = YES_AGGRESSIVE;
				GCC_WARN_UNUSED_FUNCTION = YES;
				GCC_WARN_UNUSED_VARIABLE = YES;
				IPHONEOS_DEPLOYMENT_TARGET = 13.2;
				MTL_ENABLE_DEBUG_INFO = NO;
				MTL_FAST_MATH = YES;
				SDKROOT = iphoneos;
				SWIFT_COMPILATION_MODE = wholemodule;
				SWIFT_OPTIMIZATION_LEVEL = "-O";
				VALIDATE_PRODUCT = YES;
			};
			name = Release;
		};
		2BA0663E241939E100911135 /* Debug */ = {
			isa = XCBuildConfiguration;
			buildSettings = {
				ASSETCATALOG_COMPILER_APPICON_NAME = AppIcon;
				CODE_SIGN_STYLE = Automatic;
				DEVELOPMENT_ASSET_PATHS = "\"HapticsPalette/Preview Content\"";
				DEVELOPMENT_TEAM = 23GN8P9Q5M;
				ENABLE_PREVIEWS = YES;
				INFOPLIST_FILE = HapticsPalette/Info.plist;
				LD_RUNPATH_SEARCH_PATHS = (
					"$(inherited)",
					"@executable_path/Frameworks",
				);
				PRODUCT_BUNDLE_IDENTIFIER = com.pbb.HapticsComposer;
				PRODUCT_NAME = "Haptics Composer";
				SWIFT_VERSION = 5.0;
				TARGETED_DEVICE_FAMILY = "1,2";
			};
			name = Debug;
		};
		2BA0663F241939E100911135 /* Release */ = {
			isa = XCBuildConfiguration;
			buildSettings = {
				ASSETCATALOG_COMPILER_APPICON_NAME = AppIcon;
				CODE_SIGN_STYLE = Automatic;
				DEVELOPMENT_ASSET_PATHS = "\"HapticsPalette/Preview Content\"";
				DEVELOPMENT_TEAM = 23GN8P9Q5M;
				ENABLE_PREVIEWS = YES;
				INFOPLIST_FILE = HapticsPalette/Info.plist;
				LD_RUNPATH_SEARCH_PATHS = (
					"$(inherited)",
					"@executable_path/Frameworks",
				);
				PRODUCT_BUNDLE_IDENTIFIER = com.pbb.HapticsComposer;
				PRODUCT_NAME = "Haptics Composer";
				SWIFT_VERSION = 5.0;
				TARGETED_DEVICE_FAMILY = "1,2";
			};
			name = Release;
		};
/* End XCBuildConfiguration section */

/* Begin XCConfigurationList section */
		2BA06621241939E000911135 /* Build configuration list for PBXProject "HapticsPalette" */ = {
			isa = XCConfigurationList;
			buildConfigurations = (
				2BA0663B241939E100911135 /* Debug */,
				2BA0663C241939E100911135 /* Release */,
			);
			defaultConfigurationIsVisible = 0;
			defaultConfigurationName = Release;
		};
		2BA0663D241939E100911135 /* Build configuration list for PBXNativeTarget "HapticsPalette" */ = {
			isa = XCConfigurationList;
			buildConfigurations = (
				2BA0663E241939E100911135 /* Debug */,
				2BA0663F241939E100911135 /* Release */,
			);
			defaultConfigurationIsVisible = 0;
			defaultConfigurationName = Release;
		};
/* End XCConfigurationList section */

/* Begin XCVersionGroup section */
		2BA0662D241939E000911135 /* HapticsPalette.xcdatamodeld */ = {
			isa = XCVersionGroup;
			children = (
				2BA0662E241939E000911135 /* HapticsPalette.xcdatamodel */,
			);
			currentVersion = 2BA0662E241939E000911135 /* HapticsPalette.xcdatamodel */;
			path = HapticsPalette.xcdatamodeld;
			sourceTree = "<group>";
			versionGroupType = wrapper.xcdatamodel;
		};
/* End XCVersionGroup section */
	};
	rootObject = 2BA0661E241939E000911135 /* Project object */;
}
